{
  "name": "mejiro-gym-app",
  "lockfileVersion": 2,
  "requires": true,
  "packages": {
    "": {
      "name": "mejiro-gym-app",
      "dependencies": {
        "qr-code-scanner": "^1.0.8",
        "quagga": "^0.6.16"
      }
    },
    "node_modules/qr-code-scanner": {
      "version": "1.0.8",
      "resolved": "https://registry.npmjs.org/qr-code-scanner/-/qr-code-scanner-1.0.8.tgz",
      "integrity": "sha512-R0gh2n7TqihW6XflXC9XmsoEXJKw8qk0OR2yyBe9xQMGnuzjYUK3i1P/oSnDeMbQNS5XJwacvGeFkUdrMtywVg=="
    },
    "node_modules/quagga": {
      "version": "0.6.16",
      "resolved": "https://registry.npmjs.org/quagga/-/quagga-0.6.16.tgz",
      "integrity": "sha512-8JP5ySqRPhUxmoS339Dq3/JYeP0S3+saicCV+MnMhOMB5F8kYsim0KWHmkPVNrNzSDq83z1+nTqi44MwIAInpA=="
    }
  },
  "dependencies": {
    "qr-code-scanner": {
      "version": "1.0.8",
      "resolved": "https://registry.npmjs.org/qr-code-scanner/-/qr-code-scanner-1.0.8.tgz",
      "integrity": "sha512-R0gh2n7TqihW6XflXC9XmsoEXJKw8qk0OR2yyBe9xQMGnuzjYUK3i1P/oSnDeMbQNS5XJwacvGeFkUdrMtywVg=="
    },
    "quagga": {
      "version": "0.6.16",
      "resolved": "https://registry.npmjs.org/quagga/-/quagga-0.6.16.tgz",
      "integrity": "sha512-8JP5ySqRPhUxmoS339Dq3/JYeP0S3+saicCV+MnMhOMB5F8kYsim0KWHmkPVNrNzSDq83z1+nTqi44MwIAInpA=="
    }
  }
}
