{
  "name": "mejiro-gym-app",
  "lockfileVersion": 2,
  "requires": true,
  "packages": {
    "": {
      "dependencies": {
        "qr-code-scanner": "^1.0.8",
        "qr-scanner": "^1.4.2"
      }
    },
    "node_modules/@types/offscreencanvas": {
      "version": "2019.7.2",
      "resolved": "https://registry.npmjs.org/@types/offscreencanvas/-/offscreencanvas-2019.7.2.tgz",
      "integrity": "sha512-ujCjOxeA07IbEBQYAkoOI+XFw5sT3nhWJ/xZfPR6reJppDG7iPQPZacQiLTtWH1b3a2NYXWlxvYqa40y/LAixQ=="
    },
    "node_modules/qr-code-scanner": {
      "version": "1.0.8",
      "resolved": "https://registry.npmjs.org/qr-code-scanner/-/qr-code-scanner-1.0.8.tgz",
      "integrity": "sha512-R0gh2n7TqihW6XflXC9XmsoEXJKw8qk0OR2yyBe9xQMGnuzjYUK3i1P/oSnDeMbQNS5XJwacvGeFkUdrMtywVg=="
    },
    "node_modules/qr-scanner": {
      "version": "1.4.2",
      "resolved": "https://registry.npmjs.org/qr-scanner/-/qr-scanner-1.4.2.tgz",
      "integrity": "sha512-kV1yQUe2FENvn59tMZW6mOVfpq9mGxGf8l6+EGaXUOd4RBOLg7tRC83OrirM5AtDvZRpdjdlXURsHreAOSPOUw==",
      "dependencies": {
        "@types/offscreencanvas": "^2019.6.4"
      }
    }
  },
  "dependencies": {
    "@types/offscreencanvas": {
      "version": "2019.7.2",
      "resolved": "https://registry.npmjs.org/@types/offscreencanvas/-/offscreencanvas-2019.7.2.tgz",
      "integrity": "sha512-ujCjOxeA07IbEBQYAkoOI+XFw5sT3nhWJ/xZfPR6reJppDG7iPQPZacQiLTtWH1b3a2NYXWlxvYqa40y/LAixQ=="
    },
    "qr-code-scanner": {
      "version": "1.0.8",
      "resolved": "https://registry.npmjs.org/qr-code-scanner/-/qr-code-scanner-1.0.8.tgz",
      "integrity": "sha512-R0gh2n7TqihW6XflXC9XmsoEXJKw8qk0OR2yyBe9xQMGnuzjYUK3i1P/oSnDeMbQNS5XJwacvGeFkUdrMtywVg=="
    },
    "qr-scanner": {
      "version": "1.4.2",
      "resolved": "https://registry.npmjs.org/qr-scanner/-/qr-scanner-1.4.2.tgz",
      "integrity": "sha512-kV1yQUe2FENvn59tMZW6mOVfpq9mGxGf8l6+EGaXUOd4RBOLg7tRC83OrirM5AtDvZRpdjdlXURsHreAOSPOUw==",
      "requires": {
        "@types/offscreencanvas": "^2019.6.4"
      }
    }
  }
}
