# THIS IS AN AUTOGENERATED FILE. DO NOT EDIT THIS FILE DIRECTLY.
# yarn lockfile v1


"qr-code-scanner@^1.0.8":
  "integrity" "sha512-R0gh2n7TqihW6XflXC9XmsoEXJKw8qk0OR2yyBe9xQMGnuzjYUK3i1P/oSnDeMbQNS5XJwacvGeFkUdrMtywVg=="
  "resolved" "https://registry.npmjs.org/qr-code-scanner/-/qr-code-scanner-1.0.8.tgz"
  "version" "1.0.8"

"quagga@^0.6.16":
  "integrity" "sha512-8JP5ySqRPhUxmoS339Dq3/JYeP0S3+saicCV+MnMhOMB5F8kYsim0KWHmkPVNrNzSDq83z1+nTqi44MwIAInpA=="
  "resolved" "https://registry.npmjs.org/quagga/-/quagga-0.6.16.tgz"
  "version" "0.6.16"
